# THIS IS AN AUTOGENERATED FILE. DO NOT EDIT THIS FILE DIRECTLY.
# yarn lockfile v1


debug@^4.1.1, debug@^4.3.2:
  version "4.3.4"
  resolved "https://registry.yarnpkg.com/debug/-/debug-4.3.4.tgz#1319f6579357f2338d3337d2cdd4914bb5dcc865"
  integrity sha512-PRWFHuSU3eDtQJPvnNY7Jcket1j0t5OuOsFzPPzsekD52Zl8qUfFIPEiswXqIvHWGVHOgX+7G/vCNNhehwxfkQ==
  dependencies:
    ms "2.1.2"

dgram@^1.0.1:
  version "1.0.1"
  resolved "https://registry.yarnpkg.com/dgram/-/dgram-1.0.1.tgz#37f3b200f8033a5ff759303089c81ce361b651c3"
  integrity sha512-zJVFL1EWfKtE0z2VN6qfpn/a+qG1viEzcwJA0EjtzS76ONSE3sEyWBwEbo32hS4IFw/EWVuWN+8b89aPW6It2A==

events@^3.0.0:
  version "3.3.0"
  resolved "https://registry.yarnpkg.com/events/-/events-3.3.0.tgz#31a95ad0a924e2d2c419a813aeb2c4e878ea7400"
  integrity sha512-mQw+2fkQbALzQ7V0MY0IqdnXNOeTtP4r0lN9z7AAawCXgqea7bDii20AYrIBrFd/Hx0M2Ocz6S111CaFkUcb0Q==

inherits@2.0.3:
  version "2.0.3"
  resolved "https://registry.yarnpkg.com/inherits/-/inherits-2.0.3.tgz#633c2c83e3da42a502f52466022480f4208261de"
  integrity sha512-x00IRNXNy63jwGkJmzPigoySHbaqpNuzKbBOmzK+g2OdZpQ9w+sxCN+VSB3ja7IAge2OP2qpfxTjeNcyjmW1uw==

ms@2.1.2:
  version "2.1.2"
  resolved "https://registry.yarnpkg.com/ms/-/ms-2.1.2.tgz#d09d1f357b443f493382a8eb3ccd183872ae6009"
  integrity sha512-sGkPx+VjMtmA6MX27oA4FBFELFCZZ4S4XqeGOXCv68tT+jb3vk/RyaKWP0PTKyWtmLSM0b+adUTEvbs1PEaH2w==

net@^1.0.2:
  version "1.0.2"
  resolved "https://registry.yarnpkg.com/net/-/net-1.0.2.tgz#d1757ec9a7fb2371d83cf4755ce3e27e10829388"
  integrity sha512-kbhcj2SVVR4caaVnGLJKmlk2+f+oLkjqdKeQlmUtz6nGzOpbcobwVIeSURNgraV/v3tlmGIX82OcPCl0K6RbHQ==

packet@0.0.6:
  version "0.0.6"
  resolved "https://registry.yarnpkg.com/packet/-/packet-0.0.6.tgz#3ca96bcf65f2da62fa340db09239d79c0cc30e4a"
  integrity sha512-TdFl5Z4EoOeXTQfvaGmJSBsTPrAJyCcoge9qncpvoDzrRVWKXfO/PSC4q5XhB59LA2dki0BKgt55Iq55MxCXzQ==

tsl-umd-v5@^1.0.5:
  version "1.0.5"
  resolved "https://registry.yarnpkg.com/tsl-umd-v5/-/tsl-umd-v5-1.0.5.tgz#f5f0ed82df7f558bb31ea75e88f004c645e31a04"
  integrity sha512-3SfKpMCS0jx1Tn/KBqIG1SsnnPHuqFbn8DkuloA7YqiOYyr8TwoWMosMOYG2QHRz05dZ2Bx48Sx/dl6VeSOd5Q==
  dependencies:
    debug "^4.3.2"
    dgram "^1.0.1"
    net "^1.0.2"

tsl-umd@^1.1.2:
  version "1.1.2"
  resolved "https://registry.yarnpkg.com/tsl-umd/-/tsl-umd-1.1.2.tgz#de0e9d74e8b58524af3ae3ba2dbd11013ead4087"
  integrity sha512-qB6izbsJjL7bL/EsZ1pHhp8fI/N6kMIcEh6tduwIZRdBdsTMHL2ULb9XOeeUoynPWHoM9beYudiENiyaJ7dBvQ==
  dependencies:
    debug "^4.1.1"
    dgram "^1.0.1"
    events "^3.0.0"
    packet "0.0.6"
    util "^0.11.1"

util@^0.11.1:
  version "0.11.1"
  resolved "https://registry.yarnpkg.com/util/-/util-0.11.1.tgz#3236733720ec64bb27f6e26f421aaa2e1b588d61"
  integrity sha512-HShAsny+zS2TZfaXxD9tYj4HQGlBezXZMZuM/S5PKLLoZkShZiGk9o5CzukI1LVHZvjdvZ2Sj1aW/Ndn2NB/HQ==
  dependencies:
    inherits "2.0.3"
